# 硬件资源锁（机器可读）。RESEARCH 阶段填写并冻结；SessionStart hook 注入其摘要。
# 同一资源不可重复占用——填写时自查 pin/dma/irq/timer 无重复。
# 示例条目见注释，正式条目顶格写在各 section 下。

pins:
  - {id: PA13, func: SYS_JTMS_SWDIO, owner: cubemx_sys}
  - {id: PA14, func: SYS_JTCK_SWCLK, owner: cubemx_sys}
  - {id: PH0, func: RCC_OSC_IN_HSE, owner: cubemx_rcc}
  - {id: PH1, func: RCC_OSC_OUT_HSE, owner: cubemx_rcc}
  - {id: PH10, func: GPIO_OUTPUT_LED_B, owner: cubemx_gpio}
  - {id: PH11, func: GPIO_OUTPUT_LED_G, owner: cubemx_gpio}
  - {id: PH12, func: GPIO_OUTPUT_LED_R, owner: cubemx_gpio}
  - {id: PD0, func: CAN1_RX, owner: cubemx_can1}
  - {id: PD1, func: CAN1_TX, owner: cubemx_can1}
  - {id: PA11, func: USB_OTG_FS_DM, owner: cubemx_usb_device_cdc}
  - {id: PA12, func: USB_OTG_FS_DP, owner: cubemx_usb_device_cdc}
  - {id: PC10, func: USART3_TX, owner: cubemx_dr16_uart}
  - {id: PC11, func: USART3_RX, owner: cubemx_dr16_uart}

dma:
  - {stream: DMA1_Stream1_CH4, peripheral: USART3_RX, owner: cubemx_dr16_uart}

irq:
  - {irqn: PendSV_IRQn, priority_preempt: 15, priority_sub: 0, owner: freertos}
  - {irqn: SysTick_IRQn, priority_preempt: 15, priority_sub: 0, owner: freertos}
  - {irqn: CAN1_RX0_IRQn, priority_preempt: 5, priority_sub: 0, owner: cubemx_can1}
  - {irqn: TIM6_DAC_IRQn, priority_preempt: 15, priority_sub: 0, owner: cubemx_hal_tick}
  - {irqn: OTG_FS_IRQn, priority_preempt: 5, priority_sub: 0, owner: cubemx_usb_device_cdc}
  - {irqn: DMA1_Stream1_IRQn, priority_preempt: 5, priority_sub: 0, owner: cubemx_dr16_uart}
  - {irqn: USART3_IRQn, priority_preempt: 5, priority_sub: 0, owner: cubemx_dr16_uart}

timers:
  - {id: TIM6, func: HAL_1MS_TICK, owner: cubemx_hal_tick}
